
Microsoft Visual Studio Solution File, Format Version 12.00
# Visual Studio Version 16
VisualStudioVersion = 16.0.31205.134
MinimumVisualStudioVersion = 10.0.40219.1
Project("{FAE04EC0-301F-11D3-BF4B-00C04F79EFBC}") = "SecurePassword_Example", "SecurePassword_Example\SecurePassword_Example.csproj", "{D8D8111D-15FF-4E1C-B113-3CD504E72FC9}"
EndProject
Project("{FAE04EC0-301F-11D3-BF4B-00C04F79EFBC}") = "SecurePassword_Web_Example", "SecurePassword_Web_Example\SecurePassword_Web_Example.csproj", "{0BBF0459-9570-4CEF-99B9-6219B1D33D6A}"
EndProject
Global
	GlobalSection(SolutionConfigurationPlatforms) = preSolution
		Debug|Any CPU = Debug|Any CPU
		Release|Any CPU = Release|Any CPU
	EndGlobalSection
	GlobalSection(ProjectConfigurationPlatforms) = postSolution
		{D8D8111D-15FF-4E1C-B113-3CD504E72FC9}.Debug|Any CPU.ActiveCfg = Debug|Any CPU
		{D8D8111D-15FF-4E1C-B113-3CD504E72FC9}.Debug|Any CPU.Build.0 = Debug|Any CPU
		{D8D8111D-15FF-4E1C-B113-3CD504E72FC9}.Release|Any CPU.ActiveCfg = Release|Any CPU
		{D8D8111D-15FF-4E1C-B113-3CD504E72FC9}.Release|Any CPU.Build.0 = Release|Any CPU
		{0BBF0459-9570-4CEF-99B9-6219B1D33D6A}.Debug|Any CPU.ActiveCfg = Debug|Any CPU
		{0BBF0459-9570-4CEF-99B9-6219B1D33D6A}.Debug|Any CPU.Build.0 = Debug|Any CPU
		{0BBF0459-9570-4CEF-99B9-6219B1D33D6A}.Release|Any CPU.ActiveCfg = Release|Any CPU
		{0BBF0459-9570-4CEF-99B9-6219B1D33D6A}.Release|Any CPU.Build.0 = Release|Any CPU
	EndGlobalSection
	GlobalSection(SolutionProperties) = preSolution
		HideSolutionNode = FALSE
	EndGlobalSection
	GlobalSection(ExtensibilityGlobals) = postSolution
		SolutionGuid = {78C20F02-FAAE-43E9-873D-EE0822FFD732}
	EndGlobalSection
EndGlobal
